
Microsoft Visual Studio Solution File, Format Version 12.00
# Visual Studio Version 16
VisualStudioVersion = 16.0.29613.14
MinimumVisualStudioVersion = 10.0.40219.1
Project("{FAE04EC0-301F-11D3-BF4B-00C04F79EFBC}") = "CheatCodeGenerator", "CheatCodeGenerator\CheatCodeGenerator.csproj", "{93F93BA9-E586-4D2F-9B46-D54C039A23E8}"
EndProject
Project("{FAE04EC0-301F-11D3-BF4B-00C04F79EFBC}") = "Keystone.Net", "Keystone.Net\Keystone.Net.csproj", "{7F2CA250-BA56-4D8F-AF67-0C746F2F3B18}"
EndProject
Project("{FAE04EC0-301F-11D3-BF4B-00C04F79EFBC}") = "FastColoredTextBox", "FastColoredTextBox\FastColoredTextBox.csproj", "{6DD14A85-CCFC-4774-BD26-0F5772512319}"
EndProject
Global
	GlobalSection(SolutionConfigurationPlatforms) = preSolution
		Debug|Any CPU = Debug|Any CPU
		Release|Any CPU = Release|Any CPU
	EndGlobalSection
	GlobalSection(ProjectConfigurationPlatforms) = postSolution
		{93F93BA9-E586-4D2F-9B46-D54C039A23E8}.Debug|Any CPU.ActiveCfg = Debug|Any CPU
		{93F93BA9-E586-4D2F-9B46-D54C039A23E8}.Debug|Any CPU.Build.0 = Debug|Any CPU
		{93F93BA9-E586-4D2F-9B46-D54C039A23E8}.Release|Any CPU.ActiveCfg = Release|Any CPU
		{93F93BA9-E586-4D2F-9B46-D54C039A23E8}.Release|Any CPU.Build.0 = Release|Any CPU
		{7F2CA250-BA56-4D8F-AF67-0C746F2F3B18}.Debug|Any CPU.ActiveCfg = Debug|Any CPU
		{7F2CA250-BA56-4D8F-AF67-0C746F2F3B18}.Debug|Any CPU.Build.0 = Debug|Any CPU
		{7F2CA250-BA56-4D8F-AF67-0C746F2F3B18}.Release|Any CPU.ActiveCfg = Release|Any CPU
		{7F2CA250-BA56-4D8F-AF67-0C746F2F3B18}.Release|Any CPU.Build.0 = Release|Any CPU
		{6DD14A85-CCFC-4774-BD26-0F5772512319}.Debug|Any CPU.ActiveCfg = Debug|Any CPU
		{6DD14A85-CCFC-4774-BD26-0F5772512319}.Debug|Any CPU.Build.0 = Debug|Any CPU
		{6DD14A85-CCFC-4774-BD26-0F5772512319}.Release|Any CPU.ActiveCfg = Release|Any CPU
		{6DD14A85-CCFC-4774-BD26-0F5772512319}.Release|Any CPU.Build.0 = Release|Any CPU
	EndGlobalSection
	GlobalSection(SolutionProperties) = preSolution
		HideSolutionNode = FALSE
	EndGlobalSection
	GlobalSection(ExtensibilityGlobals) = postSolution
		SolutionGuid = {A0EAB0AC-12F8-4A62-9CE0-56C8C4172C80}
	EndGlobalSection
EndGlobal
